{
  "nodes": {
    "all-cabal-hashes": {
      "flake": false,
      "locked": {
        "lastModified": 1615444092,
        "narHash": "sha256-vn6ClWmBHZ/aac8RGAc7DM3+31XaVrGwKGN0ZCezi6c=",
        "owner": "commercialhaskell",
        "repo": "all-cabal-hashes",
        "rev": "35ac700dff3fc59cf61f2796d46ad92799e36705",
        "type": "github"
      },
      "original": {
        "owner": "commercialhaskell",
        "ref": "hackage",
        "repo": "all-cabal-hashes",
        "type": "github"
      }
    },
    "nixpkgs": {
      "locked": {
        "lastModified": 1615335068,
        "narHash": "sha256-ARlU5a0NMkXKUcyQ7SWufUbCvnnoztFLXF5fft1d99o=",
        "owner": "NixOS",
        "repo": "nixpkgs",
        "rev": "ec3b7fca65e9b2e82485604477599f8f7b7fb2b6",
        "type": "github"
      },
      "original": {
        "owner": "NixOS",
        "ref": "nixos-20.09",
        "repo": "nixpkgs",
        "type": "github"
      }
    },
    "root": {
      "inputs": {
        "all-cabal-hashes": "all-cabal-hashes",
        "nixpkgs": "nixpkgs"
      }
    }
  },
  "root": "root",
  "version": 7
}
