{
  "nodes": {
    "nixpkgs": {
      "locked": {
        "lastModified": 1615335068,
        "narHash": "sha256-ARlU5a0NMkXKUcyQ7SWufUbCvnnoztFLXF5fft1d99o=",
        "owner": "NixOS",
        "repo": "nixpkgs",
        "rev": "ec3b7fca65e9b2e82485604477599f8f7b7fb2b6",
        "type": "github"
      },
      "original": {
        "owner": "NixOS",
        "ref": "nixos-20.09",
        "repo": "nixpkgs",
        "type": "github"
      }
    },
    "root": {
      "inputs": {
        "nixpkgs": "nixpkgs"
      }
    }
  },
  "root": "root",
  "version": 7
}
