# This file was autogenerated by Stack.
# You should not edit this file by hand.
# For more information, please see the documentation at:
#   https://docs.haskellstack.org/en/stable/lock_files

packages:
- completed:
    hackage: hashable-1.3.5.0@sha256:3a2beeafb220f9de706568a7e4a5b3c762cc4c9f25c94d7ef795b8c2d6a691d7,4240
    pantry-tree:
      sha256: 4df2f6b536a0fcc5f7d562cb29e373f27dc4a2747452ac5cc74c1599cab22fc5
      size: 1248
  original:
    hackage: hashable-1.3.5.0
- completed:
    hackage: rest-rewrite-0.3.0@sha256:398f937a5faf6bd3329650ee9aed31bbfe7ed1c23252710908ad7295e3252c94,3890
    pantry-tree:
      sha256: 6e42cf85257cbc2abf50a9c8f3bac8777920f1b970e6f2cae9358690e1186e99
      size: 3943
  original:
    hackage: rest-rewrite-0.3.0
- completed:
    commit: 745f24891f0adb065551d2ad9b13dbfb43f504b8
    git: https://github.com/tweag/smtlib-backends
    name: smtlib-backends
    pantry-tree:
      sha256: 1512451cd1b43d00344113f59a07602db6fadd5bd2e155f15785b9c173b32d61
      size: 2600
    version: '0.3'
  original:
    commit: 745f24891f0adb065551d2ad9b13dbfb43f504b8
    git: https://github.com/tweag/smtlib-backends
- completed:
    commit: 745f24891f0adb065551d2ad9b13dbfb43f504b8
    git: https://github.com/tweag/smtlib-backends
    name: smtlib-backends-z3
    pantry-tree:
      sha256: 89cd9eed0f80339077a5588c92abe7044f1f259a1e9a82aa7b2f70044553ae44
      size: 453
    subdir: smtlib-backends-z3
    version: '0.3'
  original:
    commit: 745f24891f0adb065551d2ad9b13dbfb43f504b8
    git: https://github.com/tweag/smtlib-backends
    subdir: smtlib-backends-z3
- completed:
    commit: 745f24891f0adb065551d2ad9b13dbfb43f504b8
    git: https://github.com/tweag/smtlib-backends
    name: smtlib-backends-process
    pantry-tree:
      sha256: 3218f35c149a504fbb5e2eb8a068865ad8a51aec04821b5ed237d3a5c0ca5bb0
      size: 469
    subdir: smtlib-backends-process
    version: '0.3'
  original:
    commit: 745f24891f0adb065551d2ad9b13dbfb43f504b8
    git: https://github.com/tweag/smtlib-backends
    subdir: smtlib-backends-process
- completed:
    hackage: typed-process-0.2.10.1@sha256:cc35b76f2ce32c708cb2f68a1c4f661a8138196d958e34a2f214208333a73f46,2070
    pantry-tree:
      sha256: b3d6511483d5c869fdfb7220dc13b205730502162a1f6bdca9307a676f3fcb8c
      size: 529
  original:
    hackage: typed-process-0.2.10.1@sha256:cc35b76f2ce32c708cb2f68a1c4f661a8138196d958e34a2f214208333a73f46,2070
snapshots:
- completed:
    sha256: 79a786674930a89301b0e908fad2822a48882f3d01486117693c377b8edffdbe
    size: 590102
    url: https://raw.githubusercontent.com/commercialhaskell/stackage-snapshots/master/lts/18/27.yaml
  original: lts-18.27
