# This file was autogenerated by Stack.
# You should not edit this file by hand.
# For more information, please see the documentation at:
#   https://docs.haskellstack.org/en/stable/lock_files

packages:
- completed:
    hackage: hashable-1.4.2.0@sha256:585792335d5541dba78fa8dfcb291a89cd5812a281825ff7a44afa296ab5d58a,4520
    pantry-tree:
      sha256: 792a6cab3f15c5db29d759c8ca735d0be5f4c94f363329652f8b9780009d0829
      size: 1248
  original:
    hackage: hashable-1.4.2.0
- completed:
    hackage: rest-rewrite-0.4.1@sha256:1254960c0a595cf4c9d5a3b986f42644407c63c74578d75b3568a6a12e5143f0,3886
    pantry-tree:
      sha256: 17b4e99420cc1929e2b7d29558a0f909d6fcabd263fbc590dbf2585f893f5a6e
      size: 4018
  original:
    hackage: rest-rewrite-0.4.1
- completed:
    hackage: smtlib-backends-0.3@sha256:917d88540a9ede7beedbe2ed13b492acddbce394d30ccf5d0ef4f4fba9aa2c12,1157
    pantry-tree:
      sha256: 59b578ae7df155a6c73a513358370747e3cc6229ebb44adaba9e0935f811539c
      size: 275
  original:
    hackage: smtlib-backends-0.3
- completed:
    hackage: smtlib-backends-z3-0.3@sha256:cca514fa7349a34becb659ff747ec144b7d1902fec2826ff3a51f81388e1eafd,1822
    pantry-tree:
      sha256: e7aee82930b082ed4af91b32a80b8b65249441d458e392cbf2b4d47338e62404
      size: 499
  original:
    hackage: smtlib-backends-z3-0.3
- completed:
    hackage: smtlib-backends-process-0.3@sha256:d4d7d02859383e0a43db2d8ce7ef01deffe1bcd356b2ff8626925c3a1c8db922,1600
    pantry-tree:
      sha256: d7d8ec52d07f4a59614000fd93d77b109d085d58f2d96e2c4b972f541c4e8287
      size: 461
  original:
    hackage: smtlib-backends-process-0.3
snapshots:
- completed:
    sha256: b73b2b116143aea728c70e65c3239188998bac5bc3be56465813dacd74215dc5
    size: 648424
    url: https://raw.githubusercontent.com/commercialhaskell/stackage-snapshots/master/lts/20/1.yaml
  original: lts-20.1
